lockfileVersion: '6.1'

settings:
  autoInstallPeers: true
  excludeLinksFromLockfile: false

dependencies:
  '@parcel/plugin':
    specifier: ^2.9.3
    version: 2.9.3(@parcel/core@2.9.3)

devDependencies:
  '@types/node':
    specifier: ^20.3.3
    version: 20.3.3

packages:

  /@lezer/common@0.15.12:
    resolution: {integrity: sha512-edfwCxNLnzq5pBA/yaIhwJ3U3Kz8VAUOTRg0hhxaizaI1N+qxV7EXDv/kLCkLeq2RzSFvxexlaj5Mzfn2kY0Ig==}
    dev: false

  /@lezer/lr@0.15.8:
    resolution: {integrity: sha512-bM6oE6VQZ6hIFxDNKk8bKPa14hqFrV07J/vHGOeiAbJReIaQXmkVb6xQu4MR+JBTLa5arGRyAAjJe1qaQt3Uvg==}
    dependencies:
      '@lezer/common': 0.15.12
    dev: false

  /@lmdb/lmdb-darwin-arm64@2.7.11:
    resolution: {integrity: sha512-r6+vYq2vKzE+vgj/rNVRMwAevq0+ZR9IeMFIqcSga+wMtMdXQ27KqQ7uS99/yXASg29bos7yHP3yk4x6Iio0lw==}
    cpu: [arm64]
    os: [darwin]
    requiresBuild: true
    dev: false
    optional: true

  /@lmdb/lmdb-darwin-x64@2.7.11:
    resolution: {integrity: sha512-jhj1aB4K8ycRL1HOQT5OtzlqOq70jxUQEWRN9Gqh3TIDN30dxXtiHi6EWF516tzw6v2+3QqhDMJh8O6DtTGG8Q==}
    cpu: [x64]
    os: [darwin]
    requiresBuild: true
    dev: false
    optional: true

  /@lmdb/lmdb-linux-arm64@2.7.11:
    resolution: {integrity: sha512-7xGEfPPbmVJWcY2Nzqo11B9Nfxs+BAsiiaY/OcT4aaTDdykKeCjvKMQJA3KXCtZ1AtiC9ljyGLi+BfUwdulY5A==}
    cpu: [arm64]
    os: [linux]
    requiresBuild: true
    dev: false
    optional: true

  /@lmdb/lmdb-linux-arm@2.7.11:
    resolution: {integrity: sha512-dHfLFVSrw/v5X5lkwp0Vl7+NFpEeEYKfMG2DpdFJnnG1RgHQZngZxCaBagFoaJGykRpd2DYF1AeuXBFrAUAXfw==}
    cpu: [arm]
    os: [linux]
    requiresBuild: true
    dev: false
    optional: true

  /@lmdb/lmdb-linux-x64@2.7.11:
    resolution: {integrity: sha512-vUKI3JrREMQsXX8q0Eq5zX2FlYCKWMmLiCyyJNfZK0Uyf14RBg9VtB3ObQ41b4swYh2EWaltasWVe93Y8+KDng==}
    cpu: [x64]
    os: [linux]
    requiresBuild: true
    dev: false
    optional: true

  /@lmdb/lmdb-win32-x64@2.7.11:
    resolution: {integrity: sha512-BJwkHlSUgtB+Ei52Ai32M1AOMerSlzyIGA/KC4dAGL+GGwVMdwG8HGCOA2TxP3KjhbgDPMYkv7bt/NmOmRIFng==}
    cpu: [x64]
    os: [win32]
    requiresBuild: true
    dev: false
    optional: true

  /@mischnic/json-sourcemap@0.1.0:
    resolution: {integrity: sha512-dQb3QnfNqmQNYA4nFSN/uLaByIic58gOXq4Y4XqLOWmOrw73KmJPt/HLyG0wvn1bnR6mBKs/Uwvkh+Hns1T0XA==}
    engines: {node: '>=12.0.0'}
    dependencies:
      '@lezer/common': 0.15.12
      '@lezer/lr': 0.15.8
      json5: 2.2.3
    dev: false

  /@msgpackr-extract/msgpackr-extract-darwin-arm64@3.0.2:
    resolution: {integrity: sha512-9bfjwDxIDWmmOKusUcqdS4Rw+SETlp9Dy39Xui9BEGEk19dDwH0jhipwFzEff/pFg95NKymc6TOTbRKcWeRqyQ==}
    cpu: [arm64]
    os: [darwin]
    requiresBuild: true
    dev: false
    optional: true

  /@msgpackr-extract/msgpackr-extract-darwin-x64@3.0.2:
    resolution: {integrity: sha512-lwriRAHm1Yg4iDf23Oxm9n/t5Zpw1lVnxYU3HnJPTi2lJRkKTrps1KVgvL6m7WvmhYVt/FIsssWay+k45QHeuw==}
    cpu: [x64]
    os: [darwin]
    requiresBuild: true
    dev: false
    optional: true

  /@msgpackr-extract/msgpackr-extract-linux-arm64@3.0.2:
    resolution: {integrity: sha512-FU20Bo66/f7He9Fp9sP2zaJ1Q8L9uLPZQDub/WlUip78JlPeMbVL8546HbZfcW9LNciEXc8d+tThSJjSC+tmsg==}
    cpu: [arm64]
    os: [linux]
    requiresBuild: true
    dev: false
    optional: true

  /@msgpackr-extract/msgpackr-extract-linux-arm@3.0.2:
    resolution: {integrity: sha512-MOI9Dlfrpi2Cuc7i5dXdxPbFIgbDBGgKR5F2yWEa6FVEtSWncfVNKW5AKjImAQ6CZlBK9tympdsZJ2xThBiWWA==}
    cpu: [arm]
    os: [linux]
    requiresBuild: true
    dev: false
    optional: true

  /@msgpackr-extract/msgpackr-extract-linux-x64@3.0.2:
    resolution: {integrity: sha512-gsWNDCklNy7Ajk0vBBf9jEx04RUxuDQfBse918Ww+Qb9HCPoGzS+XJTLe96iN3BVK7grnLiYghP/M4L8VsaHeA==}
    cpu: [x64]
    os: [linux]
    requiresBuild: true
    dev: false
    optional: true

  /@msgpackr-extract/msgpackr-extract-win32-x64@3.0.2:
    resolution: {integrity: sha512-O+6Gs8UeDbyFpbSh2CPEz/UOrrdWPTBYNblZK5CxxLisYt4kGX3Sc+czffFonyjiGSq3jWLwJS/CCJc7tBr4sQ==}
    cpu: [x64]
    os: [win32]
    requiresBuild: true
    dev: false
    optional: true

  /@parcel/cache@2.9.3(@parcel/core@2.9.3):
    resolution: {integrity: sha512-Bj/H2uAJJSXtysG7E/x4EgTrE2hXmm7td/bc97K8M9N7+vQjxf7xb0ebgqe84ePVMkj4MVQSMEJkEucXVx4b0Q==}
    engines: {node: '>= 12.0.0'}
    peerDependencies:
      '@parcel/core': ^2.9.3
    dependencies:
      '@parcel/core': 2.9.3
      '@parcel/fs': 2.9.3(@parcel/core@2.9.3)
      '@parcel/logger': 2.9.3
      '@parcel/utils': 2.9.3
      lmdb: 2.7.11
    dev: false

  /@parcel/codeframe@2.9.3:
    resolution: {integrity: sha512-z7yTyD6h3dvduaFoHpNqur74/2yDWL++33rjQjIjCaXREBN6dKHoMGMizzo/i4vbiI1p9dDox2FIDEHCMQxqdA==}
    engines: {node: '>= 12.0.0'}
    dependencies:
      chalk: 4.1.2
    dev: false

  /@parcel/core@2.9.3:
    resolution: {integrity: sha512-4KlM1Zr/jpsqWuMXr2zmGsaOUs1zMMFh9vfCNKRZkptf+uk8I3sugHbNdo+F5B+4e2yMuOEb1zgAmvJLeuH6ww==}
    engines: {node: '>= 12.0.0'}
    dependencies:
      '@mischnic/json-sourcemap': 0.1.0
      '@parcel/cache': 2.9.3(@parcel/core@2.9.3)
      '@parcel/diagnostic': 2.9.3
      '@parcel/events': 2.9.3
      '@parcel/fs': 2.9.3(@parcel/core@2.9.3)
      '@parcel/graph': 2.9.3
      '@parcel/hash': 2.9.3
      '@parcel/logger': 2.9.3
      '@parcel/package-manager': 2.9.3(@parcel/core@2.9.3)
      '@parcel/plugin': 2.9.3(@parcel/core@2.9.3)
      '@parcel/profiler': 2.9.3
      '@parcel/source-map': 2.1.1
      '@parcel/types': 2.9.3(@parcel/core@2.9.3)
      '@parcel/utils': 2.9.3
      '@parcel/workers': 2.9.3(@parcel/core@2.9.3)
      abortcontroller-polyfill: 1.7.5
      base-x: 3.0.9
      browserslist: 4.21.9
      clone: 2.1.2
      dotenv: 7.0.0
      dotenv-expand: 5.1.0
      json5: 2.2.3
      msgpackr: 1.9.5
      nullthrows: 1.1.1
      semver: 7.5.3
    dev: false

  /@parcel/diagnostic@2.9.3:
    resolution: {integrity: sha512-6jxBdyB3D7gP4iE66ghUGntWt2v64E6EbD4AetZk+hNJpgudOOPsKTovcMi/i7I4V0qD7WXSF4tvkZUoac0jwA==}
    engines: {node: '>= 12.0.0'}
    dependencies:
      '@mischnic/json-sourcemap': 0.1.0
      nullthrows: 1.1.1
    dev: false

  /@parcel/events@2.9.3:
    resolution: {integrity: sha512-K0Scx+Bx9f9p1vuShMzNwIgiaZUkxEnexaKYHYemJrM7pMAqxIuIqhnvwurRCsZOVLUJPDDNJ626cWTc5vIq+A==}
    engines: {node: '>= 12.0.0'}
    dev: false

  /@parcel/fs-search@2.9.3:
    resolution: {integrity: sha512-nsNz3bsOpwS+jphcd+XjZL3F3PDq9lik0O8HPm5f6LYkqKWT+u/kgQzA8OkAHCR3q96LGiHxUywHPEBc27vI4Q==}
    engines: {node: '>= 12.0.0'}
    dev: false

  /@parcel/fs@2.9.3(@parcel/core@2.9.3):
    resolution: {integrity: sha512-/PrRKgCRw22G7rNPSpgN3Q+i2nIkZWuvIOAdMG4KWXC4XLp8C9jarNaWd5QEQ75amjhQSl3oUzABzkdCtkKrgg==}
    engines: {node: '>= 12.0.0'}
    peerDependencies:
      '@parcel/core': ^2.9.3
    dependencies:
      '@parcel/core': 2.9.3
      '@parcel/fs-search': 2.9.3
      '@parcel/types': 2.9.3(@parcel/core@2.9.3)
      '@parcel/utils': 2.9.3
      '@parcel/watcher': 2.2.0
      '@parcel/workers': 2.9.3(@parcel/core@2.9.3)
    dev: false

  /@parcel/graph@2.9.3:
    resolution: {integrity: sha512-3LmRJmF8+OprAr6zJT3X2s8WAhLKkrhi6RsFlMWHifGU5ED1PFcJWFbOwJvSjcAhMQJP0fErcFIK1Ludv3Vm3g==}
    engines: {node: '>= 12.0.0'}
    dependencies:
      nullthrows: 1.1.1
    dev: false

  /@parcel/hash@2.9.3:
    resolution: {integrity: sha512-qlH5B85XLzVAeijgKPjm1gQu35LoRYX/8igsjnN8vOlbc3O8BYAUIutU58fbHbtE8MJPbxQQUw7tkTjeoujcQQ==}
    engines: {node: '>= 12.0.0'}
    dependencies:
      xxhash-wasm: 0.4.2
    dev: false

  /@parcel/logger@2.9.3:
    resolution: {integrity: sha512-5FNBszcV6ilGFcijEOvoNVG6IUJGsnMiaEnGQs7Fvc1dktTjEddnoQbIYhcSZL63wEmzBZOgkT5yDMajJ/41jw==}
    engines: {node: '>= 12.0.0'}
    dependencies:
      '@parcel/diagnostic': 2.9.3
      '@parcel/events': 2.9.3
    dev: false

  /@parcel/markdown-ansi@2.9.3:
    resolution: {integrity: sha512-/Q4X8F2aN8UNjAJrQ5NfK2OmZf6shry9DqetUSEndQ0fHonk78WKt6LT0zSKEBEW/bB/bXk6mNMsCup6L8ibjQ==}
    engines: {node: '>= 12.0.0'}
    dependencies:
      chalk: 4.1.2
    dev: false

  /@parcel/node-resolver-core@3.0.3(@parcel/core@2.9.3):
    resolution: {integrity: sha512-AjxNcZVHHJoNT/A99PKIdFtwvoze8PAiC3yz8E/dRggrDIOboUEodeQYV5Aq++aK76uz/iOP0tST2T8A5rhb1A==}
    engines: {node: '>= 12.0.0'}
    dependencies:
      '@mischnic/json-sourcemap': 0.1.0
      '@parcel/diagnostic': 2.9.3
      '@parcel/fs': 2.9.3(@parcel/core@2.9.3)
      '@parcel/utils': 2.9.3
      nullthrows: 1.1.1
      semver: 7.5.3
    transitivePeerDependencies:
      - '@parcel/core'
    dev: false

  /@parcel/package-manager@2.9.3(@parcel/core@2.9.3):
    resolution: {integrity: sha512-NH6omcNTEupDmW4Lm1e4NUYBjdqkURxgZ4CNESESInHJe6tblVhNB8Rpr1ar7zDar7cly9ILr8P6N3Ei7bTEjg==}
    engines: {node: '>= 12.0.0'}
    peerDependencies:
      '@parcel/core': ^2.9.3
    dependencies:
      '@parcel/core': 2.9.3
      '@parcel/diagnostic': 2.9.3
      '@parcel/fs': 2.9.3(@parcel/core@2.9.3)
      '@parcel/logger': 2.9.3
      '@parcel/node-resolver-core': 3.0.3(@parcel/core@2.9.3)
      '@parcel/types': 2.9.3(@parcel/core@2.9.3)
      '@parcel/utils': 2.9.3
      '@parcel/workers': 2.9.3(@parcel/core@2.9.3)
      semver: 7.5.3
    dev: false

  /@parcel/plugin@2.9.3(@parcel/core@2.9.3):
    resolution: {integrity: sha512-qN85Gqr2GMuxX1dT1mnuO9hOcvlEv1lrYrCxn7CJN2nUhbwcfG+LEvcrCzCOJ6XtIHm+ZBV9h9p7FfoPLvpw+g==}
    engines: {node: '>= 12.0.0'}
    dependencies:
      '@parcel/types': 2.9.3(@parcel/core@2.9.3)
    transitivePeerDependencies:
      - '@parcel/core'
    dev: false

  /@parcel/profiler@2.9.3:
    resolution: {integrity: sha512-pyHc9lw8VZDfgZoeZWZU9J0CVEv1Zw9O5+e0DJPDPHuXJYr72ZAOhbljtU3owWKAeW+++Q2AZWkbUGEOjI/e6g==}
    engines: {node: '>= 12.0.0'}
    dependencies:
      '@parcel/diagnostic': 2.9.3
      '@parcel/events': 2.9.3
      chrome-trace-event: 1.0.3
    dev: false

  /@parcel/source-map@2.1.1:
    resolution: {integrity: sha512-Ejx1P/mj+kMjQb8/y5XxDUn4reGdr+WyKYloBljpppUy8gs42T+BNoEOuRYqDVdgPc6NxduzIDoJS9pOFfV5Ew==}
    engines: {node: ^12.18.3 || >=14}
    dependencies:
      detect-libc: 1.0.3
    dev: false

  /@parcel/types@2.9.3(@parcel/core@2.9.3):
    resolution: {integrity: sha512-NSNY8sYtRhvF1SqhnIGgGvJocyWt1K8Tnw5cVepm0g38ywtX6mwkBvMkmeehXkII4mSUn+frD9wGsydTunezvA==}
    dependencies:
      '@parcel/cache': 2.9.3(@parcel/core@2.9.3)
      '@parcel/diagnostic': 2.9.3
      '@parcel/fs': 2.9.3(@parcel/core@2.9.3)
      '@parcel/package-manager': 2.9.3(@parcel/core@2.9.3)
      '@parcel/source-map': 2.1.1
      '@parcel/workers': 2.9.3(@parcel/core@2.9.3)
      utility-types: 3.10.0
    transitivePeerDependencies:
      - '@parcel/core'
    dev: false

  /@parcel/utils@2.9.3:
    resolution: {integrity: sha512-cesanjtj/oLehW8Waq9JFPmAImhoiHX03ihc3JTWkrvJYSbD7wYKCDgPAM3JiRAqvh1LZ6P699uITrYWNoRLUg==}
    engines: {node: '>= 12.0.0'}
    dependencies:
      '@parcel/codeframe': 2.9.3
      '@parcel/diagnostic': 2.9.3
      '@parcel/hash': 2.9.3
      '@parcel/logger': 2.9.3
      '@parcel/markdown-ansi': 2.9.3
      '@parcel/source-map': 2.1.1
      chalk: 4.1.2
      nullthrows: 1.1.1
    dev: false

  /@parcel/watcher-android-arm64@2.2.0:
    resolution: {integrity: sha512-nU2wh00CTQT9rr1TIKTjdQ9lAGYpmz6XuKw0nAwAN+S2A5YiD55BK1u+E5WMCT8YOIDe/n6gaj4o/Bi9294SSQ==}
    engines: {node: '>= 10.0.0'}
    cpu: [arm64]
    os: [android]
    requiresBuild: true
    dev: false
    optional: true

  /@parcel/watcher-darwin-arm64@2.2.0:
    resolution: {integrity: sha512-cJl0UZDcodciy3TDMomoK/Huxpjlkkim3SyMgWzjovHGOZKNce9guLz2dzuFwfObBFCjfznbFMIvAZ5syXotYw==}
    engines: {node: '>= 10.0.0'}
    cpu: [arm64]
    os: [darwin]
    requiresBuild: true
    dev: false
    optional: true

  /@parcel/watcher-darwin-x64@2.2.0:
    resolution: {integrity: sha512-QI77zxaGrCV1StKcoRYfsUfmUmvPMPfQrubkBBy5XujV2fwaLgZivQOTQMBgp5K2+E19u1ufpspKXAPqSzpbyg==}
    engines: {node: '>= 10.0.0'}
    cpu: [x64]
    os: [darwin]
    requiresBuild: true
    dev: false
    optional: true

  /@parcel/watcher-linux-arm-glibc@2.2.0:
    resolution: {integrity: sha512-I2GPBcAXazPzabCmfsa3HRRW+MGlqxYd8g8RIueJU+a4o5nyNZDz0CR1cu0INT0QSQXEZV7w6UE8Hz9CF8u3Pg==}
    engines: {node: '>= 10.0.0'}
    cpu: [arm]
    os: [linux]
    requiresBuild: true
    dev: false
    optional: true

  /@parcel/watcher-linux-arm64-glibc@2.2.0:
    resolution: {integrity: sha512-St5mlfp+2lS9AmgixUqfwJa/DwVmTCJxC1HcOubUTz6YFOKIlkHCeUa1Bxi4E/tR/HSez8+heXHL8HQkJ4Bd8g==}
    engines: {node: '>= 10.0.0'}
    cpu: [arm64]
    os: [linux]
    requiresBuild: true
    dev: false
    optional: true

  /@parcel/watcher-linux-arm64-musl@2.2.0:
    resolution: {integrity: sha512-jS+qfhhoOBVWwMLP65MaG8xdInMK30pPW8wqTCg2AAuVJh5xepMbzkhHJ4zURqHiyY3EiIRuYu4ONJKCxt8iqA==}
    engines: {node: '>= 10.0.0'}
    cpu: [arm64]
    os: [linux]
    requiresBuild: true
    dev: false
    optional: true

  /@parcel/watcher-linux-x64-glibc@2.2.0:
    resolution: {integrity: sha512-xJvJ7R2wJdi47WZBFS691RDOWvP1j/IAs3EXaWVhDI8FFITbWrWaln7KoNcR0Y3T+ZwimFY/cfb0PNht1q895g==}
    engines: {node: '>= 10.0.0'}
    cpu: [x64]
    os: [linux]
    requiresBuild: true
    dev: false
    optional: true

  /@parcel/watcher-linux-x64-musl@2.2.0:
    resolution: {integrity: sha512-D+NMpgr23a+RI5mu8ZPKWy7AqjBOkURFDgP5iIXXEf/K3hm0jJ3ogzi0Ed2237B/CdYREimCgXyeiAlE/FtwyA==}
    engines: {node: '>= 10.0.0'}
    cpu: [x64]
    os: [linux]
    requiresBuild: true
    dev: false
    optional: true

  /@parcel/watcher-win32-arm64@2.2.0:
    resolution: {integrity: sha512-z225cPn3aygJsyVUOWwfyW+fY0Tvk7N3XCOl66qUPFxpbuXeZuiuuJemmtm8vxyqa3Ur7peU/qJxrpC64aeI7Q==}
    engines: {node: '>= 10.0.0'}
    cpu: [arm64]
    os: [win32]
    requiresBuild: true
    dev: false
    optional: true

  /@parcel/watcher-win32-x64@2.2.0:
    resolution: {integrity: sha512-JqGW0RJ61BkKx+yYzIURt9s53P7xMVbv0uxYPzAXLBINGaFmkIKSuUPyBVfy8TMbvp93lvF4SPBNDzVRJfvgOw==}
    engines: {node: '>= 10.0.0'}
    cpu: [x64]
    os: [win32]
    requiresBuild: true
    dev: false
    optional: true

  /@parcel/watcher@2.2.0:
    resolution: {integrity: sha512-71S4TF+IMyAn24PK4KSkdKtqJDR3zRzb0HE3yXpacItqTM7XfF2f5q9NEGLEVl0dAaBAGfNwDCjH120y25F6Tg==}
    engines: {node: '>= 10.0.0'}
    dependencies:
      detect-libc: 1.0.3
      is-glob: 4.0.3
      micromatch: 4.0.5
      node-addon-api: 7.0.0
    optionalDependencies:
      '@parcel/watcher-android-arm64': 2.2.0
      '@parcel/watcher-darwin-arm64': 2.2.0
      '@parcel/watcher-darwin-x64': 2.2.0
      '@parcel/watcher-linux-arm-glibc': 2.2.0
      '@parcel/watcher-linux-arm64-glibc': 2.2.0
      '@parcel/watcher-linux-arm64-musl': 2.2.0
      '@parcel/watcher-linux-x64-glibc': 2.2.0
      '@parcel/watcher-linux-x64-musl': 2.2.0
      '@parcel/watcher-win32-arm64': 2.2.0
      '@parcel/watcher-win32-x64': 2.2.0
    dev: false

  /@parcel/workers@2.9.3(@parcel/core@2.9.3):
    resolution: {integrity: sha512-zRrDuZJzTevrrwElYosFztgldhqW6G9q5zOeQXfVQFkkEJCNfg36ixeiofKRU8uu2x+j+T6216mhMNB6HiuY+w==}
    engines: {node: '>= 12.0.0'}
    peerDependencies:
      '@parcel/core': ^2.9.3
    dependencies:
      '@parcel/core': 2.9.3
      '@parcel/diagnostic': 2.9.3
      '@parcel/logger': 2.9.3
      '@parcel/profiler': 2.9.3
      '@parcel/types': 2.9.3(@parcel/core@2.9.3)
      '@parcel/utils': 2.9.3
      nullthrows: 1.1.1
    dev: false

  /@types/node@20.3.3:
    resolution: {integrity: sha512-wheIYdr4NYML61AjC8MKj/2jrR/kDQri/CIpVoZwldwhnIrD/j9jIU5bJ8yBKuB2VhpFV7Ab6G2XkBjv9r9Zzw==}
    dev: true

  /abortcontroller-polyfill@1.7.5:
    resolution: {integrity: sha512-JMJ5soJWP18htbbxJjG7bG6yuI6pRhgJ0scHHTfkUjf6wjP912xZWvM+A4sJK3gqd9E8fcPbDnOefbA9Th/FIQ==}
    dev: false

  /ansi-styles@4.3.0:
    resolution: {integrity: sha512-zbB9rCJAT1rbjiVDb2hqKFHNYLxgtk8NURxZ3IZwD3F6NtxbXZQCnnSi1Lkx+IDohdPlFp222wVALIheZJQSEg==}
    engines: {node: '>=8'}
    dependencies:
      color-convert: 2.0.1
    dev: false

  /base-x@3.0.9:
    resolution: {integrity: sha512-H7JU6iBHTal1gp56aKoaa//YUxEaAOUiydvrV/pILqIHXTtqxSkATOnDA2u+jZ/61sD+L/412+7kzXRtWukhpQ==}
    dependencies:
      safe-buffer: 5.2.1
    dev: false

  /braces@3.0.2:
    resolution: {integrity: sha512-b8um+L1RzM3WDSzvhm6gIz1yfTbBt6YTlcEKAvsmqCZZFw46z626lVj9j1yEPW33H5H+lBQpZMP1k8l+78Ha0A==}
    engines: {node: '>=8'}
    dependencies:
      fill-range: 7.0.1
    dev: false

  /browserslist@4.21.9:
    resolution: {integrity: sha512-M0MFoZzbUrRU4KNfCrDLnvyE7gub+peetoTid3TBIqtunaDJyXlwhakT+/VkvSXcfIzFfK/nkCs4nmyTmxdNSg==}
    engines: {node: ^6 || ^7 || ^8 || ^9 || ^10 || ^11 || ^12 || >=13.7}
    hasBin: true
    dependencies:
      caniuse-lite: 1.0.30001512
      electron-to-chromium: 1.4.450
      node-releases: 2.0.12
      update-browserslist-db: 1.0.11(browserslist@4.21.9)
    dev: false

  /caniuse-lite@1.0.30001512:
    resolution: {integrity: sha512-2S9nK0G/mE+jasCUsMPlARhRCts1ebcp2Ji8Y8PWi4NDE1iRdLCnEPHkEfeBrGC45L4isBx5ur3IQ6yTE2mRZw==}
    dev: false

  /chalk@4.1.2:
    resolution: {integrity: sha512-oKnbhFyRIXpUuez8iBMmyEa4nbj4IOQyuhc/wy9kY7/WVPcwIO9VA668Pu8RkO7+0G76SLROeyw9CpQ061i4mA==}
    engines: {node: '>=10'}
    dependencies:
      ansi-styles: 4.3.0
      supports-color: 7.2.0
    dev: false

  /chrome-trace-event@1.0.3:
    resolution: {integrity: sha512-p3KULyQg4S7NIHixdwbGX+nFHkoBiA4YQmyWtjb8XngSKV124nJmRysgAeujbUVb15vh+RvFUfCPqU7rXk+hZg==}
    engines: {node: '>=6.0'}
    dev: false

  /clone@2.1.2:
    resolution: {integrity: sha512-3Pe/CF1Nn94hyhIYpjtiLhdCoEoz0DqQ+988E9gmeEdQZlojxnOb74wctFyuwWQHzqyf9X7C7MG8juUpqBJT8w==}
    engines: {node: '>=0.8'}
    dev: false

  /color-convert@2.0.1:
    resolution: {integrity: sha512-RRECPsj7iu/xb5oKYcsFHSppFNnsj/52OVTRKb4zP5onXwVF3zVmmToNcOfGC+CRDpfK/U584fMg38ZHCaElKQ==}
    engines: {node: '>=7.0.0'}
    dependencies:
      color-name: 1.1.4
    dev: false

  /color-name@1.1.4:
    resolution: {integrity: sha512-dOy+3AuW3a2wNbZHIuMZpTcgjGuLU/uBL/ubcZF9OXbDo8ff4O8yVp5Bf0efS8uEoYo5q4Fx7dY9OgQGXgAsQA==}
    dev: false

  /detect-libc@1.0.3:
    resolution: {integrity: sha512-pGjwhsmsp4kL2RTz08wcOlGN83otlqHeD/Z5T8GXZB+/YcpQ/dgo+lbU8ZsGxV0HIvqqxo9l7mqYwyYMD9bKDg==}
    engines: {node: '>=0.10'}
    hasBin: true
    dev: false

  /dotenv-expand@5.1.0:
    resolution: {integrity: sha512-YXQl1DSa4/PQyRfgrv6aoNjhasp/p4qs9FjJ4q4cQk+8m4r6k4ZSiEyytKG8f8W9gi8WsQtIObNmKd+tMzNTmA==}
    dev: false

  /dotenv@7.0.0:
    resolution: {integrity: sha512-M3NhsLbV1i6HuGzBUH8vXrtxOk+tWmzWKDMbAVSUp3Zsjm7ywFeuwrUXhmhQyRK1q5B5GGy7hcXPbj3bnfZg2g==}
    engines: {node: '>=6'}
    dev: false

  /electron-to-chromium@1.4.450:
    resolution: {integrity: sha512-BLG5HxSELlrMx7dJ2s+8SFlsCtJp37Zpk2VAxyC6CZtbc+9AJeZHfYHbrlSgdXp6saQ8StMqOTEDaBKgA7u1sw==}
    dev: false

  /escalade@3.1.1:
    resolution: {integrity: sha512-k0er2gUkLf8O0zKJiAhmkTnJlTvINGv7ygDNPbeIsX/TJjGJZHuh9B2UxbsaEkmlEo9MfhrSzmhIlhRlI2GXnw==}
    engines: {node: '>=6'}
    dev: false

  /fill-range@7.0.1:
    resolution: {integrity: sha512-qOo9F+dMUmC2Lcb4BbVvnKJxTPjCm+RRpe4gDuGrzkL7mEVl/djYSu2OdQ2Pa302N4oqkSg9ir6jaLWJ2USVpQ==}
    engines: {node: '>=8'}
    dependencies:
      to-regex-range: 5.0.1
    dev: false

  /has-flag@4.0.0:
    resolution: {integrity: sha512-EykJT/Q1KjTWctppgIAgfSO0tKVuZUjhgMr17kqTumMl6Afv3EISleU7qZUzoXDFTAHTDC4NOoG/ZxU3EvlMPQ==}
    engines: {node: '>=8'}
    dev: false

  /is-extglob@2.1.1:
    resolution: {integrity: sha512-SbKbANkN603Vi4jEZv49LeVJMn4yGwsbzZworEoyEiutsN3nJYdbO36zfhGJ6QEDpOZIFkDtnq5JRxmvl3jsoQ==}
    engines: {node: '>=0.10.0'}
    dev: false

  /is-glob@4.0.3:
    resolution: {integrity: sha512-xelSayHH36ZgE7ZWhli7pW34hNbNl8Ojv5KVmkJD4hBdD3th8Tfk9vYasLM+mXWOZhFkgZfxhLSnrwRr4elSSg==}
    engines: {node: '>=0.10.0'}
    dependencies:
      is-extglob: 2.1.1
    dev: false

  /is-number@7.0.0:
    resolution: {integrity: sha512-41Cifkg6e8TylSpdtTpeLVMqvSBEVzTttHvERD741+pnZ8ANv0004MRL43QKPDlK9cGvNp6NZWZUBlbGXYxxng==}
    engines: {node: '>=0.12.0'}
    dev: false

  /json5@2.2.3:
    resolution: {integrity: sha512-XmOWe7eyHYH14cLdVPoyg+GOH3rYX++KpzrylJwSW98t3Nk+U8XOl8FWKOgwtzdb8lXGf6zYwDUzeHMWfxasyg==}
    engines: {node: '>=6'}
    hasBin: true
    dev: false

  /lmdb@2.7.11:
    resolution: {integrity: sha512-x9bD4hVp7PFLUoELL8RglbNXhAMt5CYhkmss+CEau9KlNoilsTzNi9QDsPZb3KMpOGZXG6jmXhW3bBxE2XVztw==}
    hasBin: true
    requiresBuild: true
    dependencies:
      msgpackr: 1.8.5
      node-addon-api: 4.3.0
      node-gyp-build-optional-packages: 5.0.6
      ordered-binary: 1.4.1
      weak-lru-cache: 1.2.2
    optionalDependencies:
      '@lmdb/lmdb-darwin-arm64': 2.7.11
      '@lmdb/lmdb-darwin-x64': 2.7.11
      '@lmdb/lmdb-linux-arm': 2.7.11
      '@lmdb/lmdb-linux-arm64': 2.7.11
      '@lmdb/lmdb-linux-x64': 2.7.11
      '@lmdb/lmdb-win32-x64': 2.7.11
    dev: false

  /lru-cache@6.0.0:
    resolution: {integrity: sha512-Jo6dJ04CmSjuznwJSS3pUeWmd/H0ffTlkXXgwZi+eq1UCmqQwCh+eLsYOYCwY991i2Fah4h1BEMCx4qThGbsiA==}
    engines: {node: '>=10'}
    dependencies:
      yallist: 4.0.0
    dev: false

  /micromatch@4.0.5:
    resolution: {integrity: sha512-DMy+ERcEW2q8Z2Po+WNXuw3c5YaUSFjAO5GsJqfEl7UjvtIuFKO6ZrKvcItdy98dwFI2N1tg3zNIdKaQT+aNdA==}
    engines: {node: '>=8.6'}
    dependencies:
      braces: 3.0.2
      picomatch: 2.3.1
    dev: false

  /msgpackr-extract@3.0.2:
    resolution: {integrity: sha512-SdzXp4kD/Qf8agZ9+iTu6eql0m3kWm1A2y1hkpTeVNENutaB0BwHlSvAIaMxwntmRUAUjon2V4L8Z/njd0Ct8A==}
    hasBin: true
    requiresBuild: true
    dependencies:
      node-gyp-build-optional-packages: 5.0.7
    optionalDependencies:
      '@msgpackr-extract/msgpackr-extract-darwin-arm64': 3.0.2
      '@msgpackr-extract/msgpackr-extract-darwin-x64': 3.0.2
      '@msgpackr-extract/msgpackr-extract-linux-arm': 3.0.2
      '@msgpackr-extract/msgpackr-extract-linux-arm64': 3.0.2
      '@msgpackr-extract/msgpackr-extract-linux-x64': 3.0.2
      '@msgpackr-extract/msgpackr-extract-win32-x64': 3.0.2
    dev: false
    optional: true

  /msgpackr@1.8.5:
    resolution: {integrity: sha512-mpPs3qqTug6ahbblkThoUY2DQdNXcm4IapwOS3Vm/87vmpzLVelvp9h3It1y9l1VPpiFLV11vfOXnmeEwiIXwg==}
    optionalDependencies:
      msgpackr-extract: 3.0.2
    dev: false

  /msgpackr@1.9.5:
    resolution: {integrity: sha512-/IJ3cFSN6Ci3eG2wLhbFEL6GT63yEaoN/R5My2QkV6zro+OJaVRLPlwvxY7EtHYSmDlQpk8stvOQTL2qJFkDRg==}
    optionalDependencies:
      msgpackr-extract: 3.0.2
    dev: false

  /node-addon-api@4.3.0:
    resolution: {integrity: sha512-73sE9+3UaLYYFmDsFZnqCInzPyh3MqIwZO9cw58yIqAZhONrrabrYyYe3TuIqtIiOuTXVhsGau8hcrhhwSsDIQ==}
    dev: false

  /node-addon-api@7.0.0:
    resolution: {integrity: sha512-vgbBJTS4m5/KkE16t5Ly0WW9hz46swAstv0hYYwMtbG7AznRhNyfLRe8HZAiWIpcHzoO7HxhLuBQj9rJ/Ho0ZA==}
    dev: false

  /node-gyp-build-optional-packages@5.0.6:
    resolution: {integrity: sha512-2ZJErHG4du9G3/8IWl/l9Bp5BBFy63rno5GVmjQijvTuUZKsl6g8RB4KH/x3NLcV5ZBb4GsXmAuTYr6dRml3Gw==}
    hasBin: true
    dev: false

  /node-gyp-build-optional-packages@5.0.7:
    resolution: {integrity: sha512-YlCCc6Wffkx0kHkmam79GKvDQ6x+QZkMjFGrIMxgFNILFvGSbCp2fCBC55pGTT9gVaz8Na5CLmxt/urtzRv36w==}
    hasBin: true
    dev: false
    optional: true

  /node-releases@2.0.12:
    resolution: {integrity: sha512-QzsYKWhXTWx8h1kIvqfnC++o0pEmpRQA/aenALsL2F4pqNVr7YzcdMlDij5WBnwftRbJCNJL/O7zdKaxKPHqgQ==}
    dev: false

  /nullthrows@1.1.1:
    resolution: {integrity: sha512-2vPPEi+Z7WqML2jZYddDIfy5Dqb0r2fze2zTxNNknZaFpVHU3mFB3R+DWeJWGVx0ecvttSGlJTI+WG+8Z4cDWw==}
    dev: false

  /ordered-binary@1.4.1:
    resolution: {integrity: sha512-9LtiGlPy982CsgxZvJGNNp2/NnrgEr6EAyN3iIEP3/8vd3YLgAZQHbQ75ZrkfBRGrNg37Dk3U6tuVb+B4Xfslg==}
    dev: false

  /picocolors@1.0.0:
    resolution: {integrity: sha512-1fygroTLlHu66zi26VoTDv8yRgm0Fccecssto+MhsZ0D/DGW2sm8E8AjW7NU5VVTRt5GxbeZ5qBuJr+HyLYkjQ==}
    dev: false

  /picomatch@2.3.1:
    resolution: {integrity: sha512-JU3teHTNjmE2VCGFzuY8EXzCDVwEqB2a8fsIvwaStHhAWJEeVd1o1QD80CU6+ZdEXXSLbSsuLwJjkCBWqRQUVA==}
    engines: {node: '>=8.6'}
    dev: false

  /safe-buffer@5.2.1:
    resolution: {integrity: sha512-rp3So07KcdmmKbGvgaNxQSJr7bGVSVk5S9Eq1F+ppbRo70+YeaDxkw5Dd8NPN+GD6bjnYm2VuPuCXmpuYvmCXQ==}
    dev: false

  /semver@7.5.3:
    resolution: {integrity: sha512-QBlUtyVk/5EeHbi7X0fw6liDZc7BBmEaSYn01fMU1OUYbf6GPsbTtd8WmnqbI20SeycoHSeiybkE/q1Q+qlThQ==}
    engines: {node: '>=10'}
    hasBin: true
    dependencies:
      lru-cache: 6.0.0
    dev: false

  /supports-color@7.2.0:
    resolution: {integrity: sha512-qpCAvRl9stuOHveKsn7HncJRvv501qIacKzQlO/+Lwxc9+0q2wLyv4Dfvt80/DPn2pqOBsJdDiogXGR9+OvwRw==}
    engines: {node: '>=8'}
    dependencies:
      has-flag: 4.0.0
    dev: false

  /to-regex-range@5.0.1:
    resolution: {integrity: sha512-65P7iz6X5yEr1cwcgvQxbbIw7Uk3gOy5dIdtZ4rDveLqhrdJP+Li/Hx6tyK0NEb+2GCyneCMJiGqrADCSNk8sQ==}
    engines: {node: '>=8.0'}
    dependencies:
      is-number: 7.0.0
    dev: false

  /update-browserslist-db@1.0.11(browserslist@4.21.9):
    resolution: {integrity: sha512-dCwEFf0/oT85M1fHBg4F0jtLwJrutGoHSQXCh7u4o2t1drG+c0a9Flnqww6XUKSfQMPpJBRjU8d4RXB09qtvaA==}
    hasBin: true
    peerDependencies:
      browserslist: '>= 4.21.0'
    dependencies:
      browserslist: 4.21.9
      escalade: 3.1.1
      picocolors: 1.0.0
    dev: false

  /utility-types@3.10.0:
    resolution: {integrity: sha512-O11mqxmi7wMKCo6HKFt5AhO4BwY3VV68YU07tgxfz8zJTIxr4BpsezN49Ffwy9j3ZpwwJp4fkRwjRzq3uWE6Rg==}
    engines: {node: '>= 4'}
    dev: false

  /weak-lru-cache@1.2.2:
    resolution: {integrity: sha512-DEAoo25RfSYMuTGc9vPJzZcZullwIqRDSI9LOy+fkCJPi6hykCnfKaXTuPBDuXAUcqHXyOgFtHNp/kB2FjYHbw==}
    dev: false

  /xxhash-wasm@0.4.2:
    resolution: {integrity: sha512-/eyHVRJQCirEkSZ1agRSCwriMhwlyUcFkXD5TPVSLP+IPzjsqMVzZwdoczLp1SoQU0R3dxz1RpIK+4YNQbCVOA==}
    dev: false

  /yallist@4.0.0:
    resolution: {integrity: sha512-3wdGidZyq5PB084XLES5TpOSRA3wjXAlIWMhum2kRcv/41Sn2emQ0dycQW4uZXLejwKvg6EsvbdlVL+FYEct7A==}
    dev: false
